
Microsoft Visual Studio Solution File, Format Version 12.00
# Visual Studio Version 17
VisualStudioVersion = 17.14.36429.23 d17.14
MinimumVisualStudioVersion = 10.0.40219.1
Project("{FAE04EC0-301F-11D3-BF4B-00C04F79EFBC}") = "Praktik 7.1", "Praktik 7.1\Praktik 7.1.csproj", "{8DEFB8B2-ACEB-4DA4-BFF4-A2118E93158A}"
EndProject
Global
	GlobalSection(SolutionConfigurationPlatforms) = preSolution
		Debug|Any CPU = Debug|Any CPU
		Release|Any CPU = Release|Any CPU
	EndGlobalSection
	GlobalSection(ProjectConfigurationPlatforms) = postSolution
		{8DEFB8B2-ACEB-4DA4-BFF4-A2118E93158A}.Debug|Any CPU.ActiveCfg = Debug|Any CPU
		{8DEFB8B2-ACEB-4DA4-BFF4-A2118E93158A}.Debug|Any CPU.Build.0 = Debug|Any CPU
		{8DEFB8B2-ACEB-4DA4-BFF4-A2118E93158A}.Release|Any CPU.ActiveCfg = Release|Any CPU
		{8DEFB8B2-ACEB-4DA4-BFF4-A2118E93158A}.Release|Any CPU.Build.0 = Release|Any CPU
	EndGlobalSection
	GlobalSection(SolutionProperties) = preSolution
		HideSolutionNode = FALSE
	EndGlobalSection
	GlobalSection(ExtensibilityGlobals) = postSolution
		SolutionGuid = {22A210D7-7F23-41F3-A756-A8A706E09D30}
	EndGlobalSection
EndGlobal
