
Microsoft Visual Studio Solution File, Format Version 12.00
# Visual Studio Version 17
VisualStudioVersion = 17.14.36429.23 d17.14
MinimumVisualStudioVersion = 10.0.40219.1
Project("{FAE04EC0-301F-11D3-BF4B-00C04F79EFBC}") = "fungsi_hitung_luas", "fungsi_hitung_luas\fungsi_hitung_luas.csproj", "{16640E26-D160-4DFD-B14A-AFD505354755}"
EndProject
Global
	GlobalSection(SolutionConfigurationPlatforms) = preSolution
		Debug|Any CPU = Debug|Any CPU
		Release|Any CPU = Release|Any CPU
	EndGlobalSection
	GlobalSection(ProjectConfigurationPlatforms) = postSolution
		{16640E26-D160-4DFD-B14A-AFD505354755}.Debug|Any CPU.ActiveCfg = Debug|Any CPU
		{16640E26-D160-4DFD-B14A-AFD505354755}.Debug|Any CPU.Build.0 = Debug|Any CPU
		{16640E26-D160-4DFD-B14A-AFD505354755}.Release|Any CPU.ActiveCfg = Release|Any CPU
		{16640E26-D160-4DFD-B14A-AFD505354755}.Release|Any CPU.Build.0 = Release|Any CPU
	EndGlobalSection
	GlobalSection(SolutionProperties) = preSolution
		HideSolutionNode = FALSE
	EndGlobalSection
	GlobalSection(ExtensibilityGlobals) = postSolution
		SolutionGuid = {33B5B67A-9D09-44D5-93DA-4A4FCC70CF4D}
	EndGlobalSection
EndGlobal
